
Microsoft Visual Studio Solution File, Format Version 12.00
# Visual Studio Version 17
VisualStudioVersion = 17.4.33213.308
MinimumVisualStudioVersion = 10.0.40219.1
Project("{FAE04EC0-301F-11D3-BF4B-00C04F79EFBC}") = "RazorHTMLhelper", "RazorHTMLhelper\RazorHTMLhelper.csproj", "{B3173CFE-C815-4118-8DB3-EF44A372F68D}"
EndProject
Global
	GlobalSection(SolutionConfigurationPlatforms) = preSolution
		Debug|Any CPU = Debug|Any CPU
		Release|Any CPU = Release|Any CPU
	EndGlobalSection
	GlobalSection(ProjectConfigurationPlatforms) = postSolution
		{B3173CFE-C815-4118-8DB3-EF44A372F68D}.Debug|Any CPU.ActiveCfg = Debug|Any CPU
		{B3173CFE-C815-4118-8DB3-EF44A372F68D}.Debug|Any CPU.Build.0 = Debug|Any CPU
		{B3173CFE-C815-4118-8DB3-EF44A372F68D}.Release|Any CPU.ActiveCfg = Release|Any CPU
		{B3173CFE-C815-4118-8DB3-EF44A372F68D}.Release|Any CPU.Build.0 = Release|Any CPU
	EndGlobalSection
	GlobalSection(SolutionProperties) = preSolution
		HideSolutionNode = FALSE
	EndGlobalSection
	GlobalSection(ExtensibilityGlobals) = postSolution
		SolutionGuid = {8D3B937E-4825-49FF-9311-1703DBEA287A}
	EndGlobalSection
EndGlobal
